
Microsoft Visual Studio Solution File, Format Version 12.00
# Visual Studio 15
VisualStudioVersion = 15.0.28010.2048
MinimumVisualStudioVersion = 10.0.40219.1
Project("{FAE04EC0-301F-11D3-BF4B-00C04F79EFBC}") = "PageObjects", "PageObjects\PageObjects.csproj", "{D815611F-625C-42C9-B1CF-7926B0B1DE13}"
EndProject
Project("{FAE04EC0-301F-11D3-BF4B-00C04F79EFBC}") = "Tests", "Tests\Tests.csproj", "{1FC112DC-A928-44C0-8D01-DC44930C62A8}"
EndProject
Project("{FAE04EC0-301F-11D3-BF4B-00C04F79EFBC}") = "TestUtilities", "TestUtilities\TestUtilities.csproj", "{FA702B55-B1FB-46BE-8E27-1302309A1BC0}"
EndProject
Global
	GlobalSection(SolutionConfigurationPlatforms) = preSolution
		Debug|Any CPU = Debug|Any CPU
		Release|Any CPU = Release|Any CPU
	EndGlobalSection
	GlobalSection(ProjectConfigurationPlatforms) = postSolution
		{D815611F-625C-42C9-B1CF-7926B0B1DE13}.Debug|Any CPU.ActiveCfg = Debug|Any CPU
		{D815611F-625C-42C9-B1CF-7926B0B1DE13}.Debug|Any CPU.Build.0 = Debug|Any CPU
		{D815611F-625C-42C9-B1CF-7926B0B1DE13}.Release|Any CPU.ActiveCfg = Release|Any CPU
		{D815611F-625C-42C9-B1CF-7926B0B1DE13}.Release|Any CPU.Build.0 = Release|Any CPU
		{1FC112DC-A928-44C0-8D01-DC44930C62A8}.Debug|Any CPU.ActiveCfg = Debug|Any CPU
		{1FC112DC-A928-44C0-8D01-DC44930C62A8}.Debug|Any CPU.Build.0 = Debug|Any CPU
		{1FC112DC-A928-44C0-8D01-DC44930C62A8}.Release|Any CPU.ActiveCfg = Release|Any CPU
		{1FC112DC-A928-44C0-8D01-DC44930C62A8}.Release|Any CPU.Build.0 = Release|Any CPU
		{FA702B55-B1FB-46BE-8E27-1302309A1BC0}.Debug|Any CPU.ActiveCfg = Debug|Any CPU
		{FA702B55-B1FB-46BE-8E27-1302309A1BC0}.Debug|Any CPU.Build.0 = Debug|Any CPU
		{FA702B55-B1FB-46BE-8E27-1302309A1BC0}.Release|Any CPU.ActiveCfg = Release|Any CPU
		{FA702B55-B1FB-46BE-8E27-1302309A1BC0}.Release|Any CPU.Build.0 = Release|Any CPU
	EndGlobalSection
	GlobalSection(SolutionProperties) = preSolution
		HideSolutionNode = FALSE
	EndGlobalSection
	GlobalSection(ExtensibilityGlobals) = postSolution
		SolutionGuid = {B62402D3-0261-4CD2-9CC7-AE39F23FD345}
	EndGlobalSection
EndGlobal
